<?xml version="1.0" encoding="utf-8"?>
<Project ToolsVersion="4.0" xmlns="http://schemas.microsoft.com/developer/msbuild/2003">
  <ItemGroup>
    <Filter Include="Source Files">
      <UniqueIdentifier>{4FC737F1-C7A5-4376-A066-2A32D752A2FF}</UniqueIdentifier>
      <Extensions>cpp;c;cc;cxx;c++;cppm;ixx;def;odl;idl;hpj;bat;asm;asmx</Extensions>
    </Filter>
    <Filter Include="Header Files">
      <UniqueIdentifier>{93995380-89BD-4b04-88EB-625FBE52EBFB}</UniqueIdentifier>
      <Extensions>h;hh;hpp;hxx;h++;hm;inl;inc;ipp;xsd</Extensions>
    </Filter>
    <Filter Include="Resource Files">
      <UniqueIdentifier>{67DA6AB6-F800-4c08-8B7A-83BB121AAD01}</UniqueIdentifier>
      <Extensions>rc;ico;cur;bmp;dlg;rc2;rct;bin;rgs;gif;jpg;jpeg;jpe;resx;tiff;tif;png;wav;mfcribbon-ms</Extensions>
    </Filter>
  </ItemGroup>
  <ItemGroup>
    <ClCompile Include="Main.cpp">
      <Filter>Source Files</Filter>
    </ClCompile>
    <ClCompile Include="Engine\Dev\Log.cpp">
      <Filter>Source Files</Filter>
    </ClCompile>
    <ClCompile Include="Engine\Engine.cpp">
      <Filter>Source Files</Filter>
    </ClCompile>
    <ClCompile Include="Engine\Graphics\Renderer.cpp">
      <Filter>Source Files</Filter>
    </ClCompile>
    <ClCompile Include="Engine\Application\Window.cpp">
      <Filter>Source Files</Filter>
    </ClCompile>
    <ClCompile Include="Engine\Graphics\Texture.cpp">
      <Filter>Source Files</Filter>
    </ClCompile>
    <ClCompile Include="Engine\Graphics\Buffer.cpp">
      <Filter>Source Files</Filter>
    </ClCompile>
    <ClCompile Include="Engine\Graphics\VertexBuffer.cpp">
      <Filter>Source Files</Filter>
    </ClCompile>
    <ClCompile Include="Engine\Graphics\IndexBuffer.cpp">
      <Filter>Source Files</Filter>
    </ClCompile>
    <ClCompile Include="Engine\Graphics\Vulkan\CommandBuffer.cpp">
      <Filter>Source Files</Filter>
    </ClCompile>
    <ClCompile Include="Engine\Graphics\Vulkan\CommandPool.cpp">
      <Filter>Source Files</Filter>
    </ClCompile>
    <ClCompile Include="Engine\Graphics\Vulkan\CommandBufferArray.cpp">
      <Filter>Source Files</Filter>
    </ClCompile>
    <ClCompile Include="Engine\Graphics\Vulkan\QueueFamilies.cpp">
      <Filter>Source Files</Filter>
    </ClCompile>
    <ClCompile Include="Engine\Graphics\Swapchain.cpp">
      <Filter>Source Files</Filter>
    </ClCompile>
    <ClCompile Include="Engine\Graphics\Camera.cpp">
      <Filter>Source Files</Filter>
    </ClCompile>
    <ClCompile Include="Engine\SMath.cpp">
      <Filter>Source Files</Filter>
    </ClCompile>
    <ClCompile Include="Engine\Application\Input.cpp">
      <Filter>Source Files</Filter>
    </ClCompile>
    <ClCompile Include="Engine\Application\Time.cpp">
      <Filter>Source Files</Filter>
    </ClCompile>
    <ClCompile Include="Engine\Graphics\Shaders\VertexShader.cpp">
      <Filter>Source Files</Filter>
    </ClCompile>
    <ClCompile Include="Engine\Graphics\Shaders\FragmentShader.cpp">
      <Filter>Source Files</Filter>
    </ClCompile>
    <ClCompile Include="Engine\Graphics\Shaders\Shader.cpp">
      <Filter>Source Files</Filter>
    </ClCompile>
    <ClCompile Include="Engine\Graphics\Vulkan\Pipeline.cpp">
      <Filter>Source Files</Filter>
    </ClCompile>
    <ClCompile Include="Engine\Graphics\Vulkan\PipelineLayout.cpp">
      <Filter>Source Files</Filter>
    </ClCompile>
    <ClCompile Include="Engine\Graphics\Vulkan\DescriptorSetLayout.cpp">
      <Filter>Source Files</Filter>
    </ClCompile>
    <ClCompile Include="Engine\Graphics\Vulkan\RenderPass.cpp">
      <Filter>Source Files</Filter>
    </ClCompile>
    <ClCompile Include="Engine\Graphics\Vulkan\SupportChecker.cpp">
      <Filter>Source Files</Filter>
    </ClCompile>
    <ClCompile Include="Engine\Graphics\Vulkan\DescriptorPool.cpp">
      <Filter>Source Files</Filter>
    </ClCompile>
    <ClCompile Include="Engine\Graphics\Vulkan\DescriptorSet.cpp">
      <Filter>Source Files</Filter>
    </ClCompile>
    <ClCompile Include="Engine\Graphics\Vulkan\DescriptorSetArray.cpp">
      <Filter>Source Files</Filter>
    </ClCompile>
    <ClCompile Include="Engine\Graphics\Vulkan\Device.cpp">
      <Filter>Source Files</Filter>
    </ClCompile>
    <ClCompile Include="Engine\Graphics\Vulkan\PhysicalDevice.cpp">
      <Filter>Source Files</Filter>
    </ClCompile>
    <ClCompile Include="Engine\Graphics\Vulkan\Instance.cpp">
      <Filter>Source Files</Filter>
    </ClCompile>
    <ClCompile Include="Engine\Graphics\Vulkan\DebugMessenger.cpp">
      <Filter>Source Files</Filter>
    </ClCompile>
    <ClCompile Include="Engine\Graphics\Vulkan\Surface.cpp">
      <Filter>Source Files</Filter>
    </ClCompile>
    <ClCompile Include="Engine\Graphics\Mesh.cpp">
      <Filter>Source Files</Filter>
    </ClCompile>
    <ClCompile Include="Engine\DataStructures\BSP.cpp">
      <Filter>Source Files</Filter>
    </ClCompile>
    <ClCompile Include="Engine\Graphics\MeshData.cpp">
      <Filter>Source Files</Filter>
    </ClCompile>
    <ClCompile Include="Engine\DataStructures\BSPNode.cpp">
      <Filter>Source Files</Filter>
    </ClCompile>
  </ItemGroup>
  <ItemGroup>
    <ClInclude Include="Engine\Dev\Log.h">
      <Filter>Header Files</Filter>
    </ClInclude>
    <ClInclude Include="Engine\Engine.h">
      <Filter>Header Files</Filter>
    </ClInclude>
    <ClInclude Include="Engine\Graphics\Renderer.h">
      <Filter>Header Files</Filter>
    </ClInclude>
    <ClInclude Include="Engine\Application\Window.h">
      <Filter>Header Files</Filter>
    </ClInclude>
    <ClInclude Include="Engine\Graphics\Texture.h">
      <Filter>Header Files</Filter>
    </ClInclude>
    <ClInclude Include="Engine\Graphics\Buffer.h">
      <Filter>Header Files</Filter>
    </ClInclude>
    <ClInclude Include="Engine\Graphics\VertexBuffer.h">
      <Filter>Header Files</Filter>
    </ClInclude>
    <ClInclude Include="Engine\Graphics\IndexBuffer.h">
      <Filter>Header Files</Filter>
    </ClInclude>
    <ClInclude Include="Engine\Graphics\Vulkan\CommandBuffer.h">
      <Filter>Header Files</Filter>
    </ClInclude>
    <ClInclude Include="Engine\Graphics\Vulkan\CommandPool.h">
      <Filter>Header Files</Filter>
    </ClInclude>
    <ClInclude Include="Engine\Graphics\Vulkan\CommandBufferArray.h">
      <Filter>Header Files</Filter>
    </ClInclude>
    <ClInclude Include="Engine\Graphics\Vulkan\QueueFamilies.h">
      <Filter>Header Files</Filter>
    </ClInclude>
    <ClInclude Include="Engine\Graphics\Swapchain.h">
      <Filter>Header Files</Filter>
    </ClInclude>
    <ClInclude Include="Engine\Graphics\Camera.h">
      <Filter>Header Files</Filter>
    </ClInclude>
    <ClInclude Include="Engine\SMath.h">
      <Filter>Header Files</Filter>
    </ClInclude>
    <ClInclude Include="Engine\Application\Input.h">
      <Filter>Header Files</Filter>
    </ClInclude>
    <ClInclude Include="Engine\Application\Time.h">
      <Filter>Header Files</Filter>
    </ClInclude>
    <ClInclude Include="Engine\Graphics\Shaders\VertexShader.h">
      <Filter>Header Files</Filter>
    </ClInclude>
    <ClInclude Include="Engine\Graphics\Shaders\FragmentShader.h">
      <Filter>Header Files</Filter>
    </ClInclude>
    <ClInclude Include="Engine\Graphics\Shaders\Shader.h">
      <Filter>Header Files</Filter>
    </ClInclude>
    <ClInclude Include="Engine\Graphics\Vulkan\Pipeline.h">
      <Filter>Header Files</Filter>
    </ClInclude>
    <ClInclude Include="Engine\Graphics\Vulkan\PipelineLayout.h">
      <Filter>Header Files</Filter>
    </ClInclude>
    <ClInclude Include="Engine\Graphics\Vulkan\DescriptorSetLayout.h">
      <Filter>Header Files</Filter>
    </ClInclude>
    <ClInclude Include="Engine\Graphics\Vulkan\RenderPass.h">
      <Filter>Header Files</Filter>
    </ClInclude>
    <ClInclude Include="Engine\Graphics\Vulkan\SupportChecker.h">
      <Filter>Header Files</Filter>
    </ClInclude>
    <ClInclude Include="Engine\Graphics\Vulkan\DescriptorPool.h">
      <Filter>Header Files</Filter>
    </ClInclude>
    <ClInclude Include="Engine\Graphics\Vulkan\DescriptorSet.h">
      <Filter>Header Files</Filter>
    </ClInclude>
    <ClInclude Include="Engine\Graphics\Vulkan\DescriptorSetArray.h">
      <Filter>Header Files</Filter>
    </ClInclude>
    <ClInclude Include="Engine\Graphics\Vulkan\Device.h">
      <Filter>Header Files</Filter>
    </ClInclude>
    <ClInclude Include="Engine\Graphics\Vulkan\PhysicalDevice.h">
      <Filter>Header Files</Filter>
    </ClInclude>
    <ClInclude Include="Engine\Graphics\Vulkan\Instance.h">
      <Filter>Header Files</Filter>
    </ClInclude>
    <ClInclude Include="Engine\Graphics\Vulkan\DebugMessenger.h">
      <Filter>Header Files</Filter>
    </ClInclude>
    <ClInclude Include="Engine\Graphics\Vulkan\Surface.h">
      <Filter>Header Files</Filter>
    </ClInclude>
    <ClInclude Include="Engine\Graphics\Mesh.h">
      <Filter>Header Files</Filter>
    </ClInclude>
    <ClInclude Include="Engine\DataStructures\BSP.h">
      <Filter>Header Files</Filter>
    </ClInclude>
    <ClInclude Include="Engine\Graphics\MeshData.h">
      <Filter>Header Files</Filter>
    </ClInclude>
    <ClInclude Include="Engine\DataStructures\BSPNode.h">
      <Filter>Header Files</Filter>
    </ClInclude>
  </ItemGroup>
</Project>